{
  "name": "view2connect-seller-portal",
  "version": "1.0.0",
  "lockfileVersion": 3,
  "requires": true,
  "packages": {
    "": {
      "name": "view2connect-seller-portal",
      "version": "1.0.0",
      "dependencies": {
        "view2connect-desktop-runtime": "file:runtime-package"
      }
    },
    "node_modules/view2connect-desktop-runtime": {
      "resolved": "runtime-package",
      "link": true
    },
    "runtime-package": {
      "name": "view2connect-desktop-runtime",
      "version": "1.0.0"
    }
  }
}
